// !$*UTF8*$!
{
	archiveVersion = 1;
	classes = {
	};
	objectVersion = 46;
	objects = {

/* Begin PBXBuildFile section */
		8446F68A1F75695900ACED86 /* patchfinder64.m in Sources */ = {isa = PBXBuildFile; fileRef = 8446F6891F75695900ACED86 /* patchfinder64.m */; };
		84A3EA271E3A23880036E69C /* main.cpp in Sources */ = {isa = PBXBuildFile; fileRef = 84A3EA261E3A23880036E69C /* main.cpp */; };
		84A3EA2F1E3A23A40036E69C /* LoadKernel.cpp in Sources */ = {isa = PBXBuildFile; fileRef = 84A3EA2D1E3A23A40036E69C /* LoadKernel.cpp */; };
		84A3EA321E3A248C0036E69C /* log.cpp in Sources */ = {isa = PBXBuildFile; fileRef = 84A3EA301E3A248C0036E69C /* log.cpp */; };
/* End PBXBuildFile section */

/* Begin PBXCopyFilesBuildPhase section */
		84A3EA211E3A23880036E69C /* CopyFiles */ = {
			isa = PBXCopyFilesBuildPhase;
			buildActionMask = 2147483647;
			dstPath = /usr/share/man/man1/;
			dstSubfolderSpec = 0;
			files = (
			);
			runOnlyForDeploymentPostprocessing = 1;
		};
/* End PBXCopyFilesBuildPhase section */

/* Begin PBXFileReference section */
		8446F6881F75695900ACED86 /* patchfinder64.h */ = {isa = PBXFileReference; fileEncoding = 4; lastKnownFileType = sourcecode.c.h; name = patchfinder64.h; path = ../patchfinder64.h; sourceTree = "<group>"; };
		8446F6891F75695900ACED86 /* patchfinder64.m */ = {isa = PBXFileReference; fileEncoding = 4; lastKnownFileType = sourcecode.c.objc; name = patchfinder64.m; path = ../patchfinder64.m; sourceTree = "<group>"; };
		84A3EA231E3A23880036E69C /* PatchfinderTester */ = {isa = PBXFileReference; explicitFileType = "compiled.mach-o.executable"; includeInIndex = 0; path = PatchfinderTester; sourceTree = BUILT_PRODUCTS_DIR; };
		84A3EA261E3A23880036E69C /* main.cpp */ = {isa = PBXFileReference; lastKnownFileType = sourcecode.cpp.cpp; path = main.cpp; sourceTree = "<group>"; };
		84A3EA2D1E3A23A40036E69C /* LoadKernel.cpp */ = {isa = PBXFileReference; fileEncoding = 4; lastKnownFileType = sourcecode.cpp.cpp; path = LoadKernel.cpp; sourceTree = "<group>"; };
		84A3EA2E1E3A23A40036E69C /* LoadKernel.hpp */ = {isa = PBXFileReference; fileEncoding = 4; lastKnownFileType = sourcecode.cpp.h; path = LoadKernel.hpp; sourceTree = "<group>"; };
		84A3EA301E3A248C0036E69C /* log.cpp */ = {isa = PBXFileReference; fileEncoding = 4; lastKnownFileType = sourcecode.cpp.cpp; path = log.cpp; sourceTree = "<group>"; };
		84A3EA311E3A248C0036E69C /* log.hpp */ = {isa = PBXFileReference; fileEncoding = 4; lastKnownFileType = sourcecode.cpp.h; path = log.hpp; sourceTree = "<group>"; };
/* End PBXFileReference section */

/* Begin PBXFrameworksBuildPhase section */
		84A3EA201E3A23880036E69C /* Frameworks */ = {
			isa = PBXFrameworksBuildPhase;
			buildActionMask = 2147483647;
			files = (
			);
			runOnlyForDeploymentPostprocessing = 0;
		};
/* End PBXFrameworksBuildPhase section */

/* Begin PBXGroup section */
		84A3EA1A1E3A23880036E69C = {
			isa = PBXGroup;
			children = (
				84A3EA361E3A38160036E69C /* patchfinder */,
				84A3EA251E3A23880036E69C /* PatchfinderTester */,
				84A3EA241E3A23880036E69C /* Products */,
			);
			sourceTree = "<group>";
		};
		84A3EA241E3A23880036E69C /* Products */ = {
			isa = PBXGroup;
			children = (
				84A3EA231E3A23880036E69C /* PatchfinderTester */,
			);
			name = Products;
			sourceTree = "<group>";
		};
		84A3EA251E3A23880036E69C /* PatchfinderTester */ = {
			isa = PBXGroup;
			children = (
				84A3EA261E3A23880036E69C /* main.cpp */,
				84A3EA2D1E3A23A40036E69C /* LoadKernel.cpp */,
				84A3EA2E1E3A23A40036E69C /* LoadKernel.hpp */,
				84A3EA301E3A248C0036E69C /* log.cpp */,
				84A3EA311E3A248C0036E69C /* log.hpp */,
			);
			path = PatchfinderTester;
			sourceTree = "<group>";
		};
		84A3EA361E3A38160036E69C /* patchfinder */ = {
			isa = PBXGroup;
			children = (
				8446F6881F75695900ACED86 /* patchfinder64.h */,
				8446F6891F75695900ACED86 /* patchfinder64.m */,
			);
			name = patchfinder;
			sourceTree = "<group>";
		};
/* End PBXGroup section */

/* Begin PBXNativeTarget section */
		84A3EA221E3A23880036E69C /* PatchfinderTester */ = {
			isa = PBXNativeTarget;
			buildConfigurationList = 84A3EA2A1E3A23880036E69C /* Build configuration list for PBXNativeTarget "PatchfinderTester" */;
			buildPhases = (
				84A3EA1F1E3A23880036E69C /* Sources */,
				84A3EA201E3A23880036E69C /* Frameworks */,
				84A3EA211E3A23880036E69C /* CopyFiles */,
			);
			buildRules = (
			);
			dependencies = (
			);
			name = PatchfinderTester;
			productName = PatchfinderTester;
			productReference = 84A3EA231E3A23880036E69C /* PatchfinderTester */;
			productType = "com.apple.product-type.tool";
		};
/* End PBXNativeTarget section */

/* Begin PBXProject section */
		84A3EA1B1E3A23880036E69C /* Project object */ = {
			isa = PBXProject;
			attributes = {
				LastUpgradeCheck = 0820;
				ORGANIZATIONNAME = "FriedApple Team";
				TargetAttributes = {
					84A3EA221E3A23880036E69C = {
						CreatedOnToolsVersion = 8.2.1;
						ProvisioningStyle = Automatic;
					};
				};
			};
			buildConfigurationList = 84A3EA1E1E3A23880036E69C /* Build configuration list for PBXProject "PatchfinderTester" */;
			compatibilityVersion = "Xcode 3.2";
			developmentRegion = English;
			hasScannedForEncodings = 0;
			knownRegions = (
				en,
			);
			mainGroup = 84A3EA1A1E3A23880036E69C;
			productRefGroup = 84A3EA241E3A23880036E69C /* Products */;
			projectDirPath = "";
			projectRoot = "";
			targets = (
				84A3EA221E3A23880036E69C /* PatchfinderTester */,
			);
		};
/* End PBXProject section */

/* Begin PBXSourcesBuildPhase section */
		84A3EA1F1E3A23880036E69C /* Sources */ = {
			isa = PBXSourcesBuildPhase;
			buildActionMask = 2147483647;
			files = (
				8446F68A1F75695900ACED86 /* patchfinder64.m in Sources */,
				84A3EA321E3A248C0036E69C /* log.cpp in Sources */,
				84A3EA2F1E3A23A40036E69C /* LoadKernel.cpp in Sources */,
				84A3EA271E3A23880036E69C /* main.cpp in Sources */,
			);
			runOnlyForDeploymentPostprocessing = 0;
		};
/* End PBXSourcesBuildPhase section */

/* Begin XCBuildConfiguration section */
		84A3EA281E3A23880036E69C /* Debug */ = {
			isa = XCBuildConfiguration;
			buildSettings = {
				ALWAYS_SEARCH_USER_PATHS = NO;
				CLANG_ANALYZER_NONNULL = YES;
				CLANG_CXX_LANGUAGE_STANDARD = "gnu++0x";
				CLANG_CXX_LIBRARY = "libc++";
				CLANG_ENABLE_MODULES = YES;
				CLANG_ENABLE_OBJC_ARC = YES;
				CLANG_WARN_BOOL_CONVERSION = YES;
				CLANG_WARN_CONSTANT_CONVERSION = YES;
				CLANG_WARN_DIRECT_OBJC_ISA_USAGE = YES_ERROR;
				CLANG_WARN_DOCUMENTATION_COMMENTS = YES;
				CLANG_WARN_EMPTY_BODY = YES;
				CLANG_WARN_ENUM_CONVERSION = YES;
				CLANG_WARN_INFINITE_RECURSION = YES;
				CLANG_WARN_INT_CONVERSION = YES;
				CLANG_WARN_OBJC_ROOT_CLASS = YES_ERROR;
				CLANG_WARN_SUSPICIOUS_MOVE = YES;
				CLANG_WARN_UNREACHABLE_CODE = YES;
				CLANG_WARN__DUPLICATE_METHOD_MATCH = YES;
				CODE_SIGN_IDENTITY = "-";
				COPY_PHASE_STRIP = NO;
				DEBUG_INFORMATION_FORMAT = dwarf;
				ENABLE_STRICT_OBJC_MSGSEND = YES;
				ENABLE_TESTABILITY = YES;
				GCC_C_LANGUAGE_STANDARD = gnu99;
				GCC_DYNAMIC_NO_PIC = NO;
				GCC_NO_COMMON_BLOCKS = YES;
				GCC_OPTIMIZATION_LEVEL = 0;
				GCC_PREPROCESSOR_DEFINITIONS = (
					"DEBUG=1",
					"$(inherited)",
				);
				GCC_WARN_64_TO_32_BIT_CONVERSION = YES;
				GCC_WARN_ABOUT_RETURN_TYPE = YES_ERROR;
				GCC_WARN_UNDECLARED_SELECTOR = YES;
				GCC_WARN_UNINITIALIZED_AUTOS = YES_AGGRESSIVE;
				GCC_WARN_UNUSED_FUNCTION = YES;
				GCC_WARN_UNUSED_VARIABLE = YES;
				MACOSX_DEPLOYMENT_TARGET = 10.12;
				MTL_ENABLE_DEBUG_INFO = YES;
				ONLY_ACTIVE_ARCH = YES;
				SDKROOT = macosx;
			};
			name = Debug;
		};
		84A3EA291E3A23880036E69C /* Release */ = {
			isa = XCBuildConfiguration;
			buildSettings = {
				ALWAYS_SEARCH_USER_PATHS = NO;
				CLANG_ANALYZER_NONNULL = YES;
				CLANG_CXX_LANGUAGE_STANDARD = "gnu++0x";
				CLANG_CXX_LIBRARY = "libc++";
				CLANG_ENABLE_MODULES = YES;
				CLANG_ENABLE_OBJC_ARC = YES;
				CLANG_WARN_BOOL_CONVERSION = YES;
				CLANG_WARN_CONSTANT_CONVERSION = YES;
				CLANG_WARN_DIRECT_OBJC_ISA_USAGE = YES_ERROR;
				CLANG_WARN_DOCUMENTATION_COMMENTS = YES;
				CLANG_WARN_EMPTY_BODY = YES;
				CLANG_WARN_ENUM_CONVERSION = YES;
				CLANG_WARN_INFINITE_RECURSION = YES;
				CLANG_WARN_INT_CONVERSION = YES;
				CLANG_WARN_OBJC_ROOT_CLASS = YES_ERROR;
				CLANG_WARN_SUSPICIOUS_MOVE = YES;
				CLANG_WARN_UNREACHABLE_CODE = YES;
				CLANG_WARN__DUPLICATE_METHOD_MATCH = YES;
				CODE_SIGN_IDENTITY = "-";
				COPY_PHASE_STRIP = NO;
				DEBUG_INFORMATION_FORMAT = "dwarf-with-dsym";
				ENABLE_NS_ASSERTIONS = NO;
				ENABLE_STRICT_OBJC_MSGSEND = YES;
				GCC_C_LANGUAGE_STANDARD = gnu99;
				GCC_NO_COMMON_BLOCKS = YES;
				GCC_WARN_64_TO_32_BIT_CONVERSION = YES;
				GCC_WARN_ABOUT_RETURN_TYPE = YES_ERROR;
				GCC_WARN_UNDECLARED_SELECTOR = YES;
				GCC_WARN_UNINITIALIZED_AUTOS = YES_AGGRESSIVE;
				GCC_WARN_UNUSED_FUNCTION = YES;
				GCC_WARN_UNUSED_VARIABLE = YES;
				MACOSX_DEPLOYMENT_TARGET = 10.12;
				MTL_ENABLE_DEBUG_INFO = NO;
				SDKROOT = macosx;
			};
			name = Release;
		};
		84A3EA2B1E3A23880036E69C /* Debug */ = {
			isa = XCBuildConfiguration;
			buildSettings = {
				PRODUCT_NAME = "$(TARGET_NAME)";
			};
			name = Debug;
		};
		84A3EA2C1E3A23880036E69C /* Release */ = {
			isa = XCBuildConfiguration;
			buildSettings = {
				PRODUCT_NAME = "$(TARGET_NAME)";
			};
			name = Release;
		};
/* End XCBuildConfiguration section */

/* Begin XCConfigurationList section */
		84A3EA1E1E3A23880036E69C /* Build configuration list for PBXProject "PatchfinderTester" */ = {
			isa = XCConfigurationList;
			buildConfigurations = (
				84A3EA281E3A23880036E69C /* Debug */,
				84A3EA291E3A23880036E69C /* Release */,
			);
			defaultConfigurationIsVisible = 0;
			defaultConfigurationName = Release;
		};
		84A3EA2A1E3A23880036E69C /* Build configuration list for PBXNativeTarget "PatchfinderTester" */ = {
			isa = XCConfigurationList;
			buildConfigurations = (
				84A3EA2B1E3A23880036E69C /* Debug */,
				84A3EA2C1E3A23880036E69C /* Release */,
			);
			defaultConfigurationIsVisible = 0;
			defaultConfigurationName = Release;
		};
/* End XCConfigurationList section */
	};
	rootObject = 84A3EA1B1E3A23880036E69C /* Project object */;
}
